PODS:
  - RxCocoa (5.0.1):
    - RxRelay (~> 5)
    - RxSwift (~> 5)
  - RxRelay (5.0.1):
    - RxSwift (~> 5)
  - RxSwift (5.0.1)
  - Yoga (1.14.0)
  - YogaKit (1.18.1):
    - Yoga (~> 1.14)

DEPENDENCIES:
  - RxCocoa
  - RxSwift
  - YogaKit

SPEC REPOS:
  trunk:
    - RxCocoa
    - RxRelay
    - RxSwift
    - Yoga
    - YogaKit

SPEC CHECKSUMS:
  RxCocoa: e741b9749968e8a143e2b787f1dfbff2b63d0a5c
  RxRelay: 89d54507f4fd4d969e6ec1d4bd7f3673640b4640
  RxSwift: e2dc62b366a3adf6a0be44ba9f405efd4c94e0c4
  Yoga: cff67a400f6b74dc38eb0bad4f156673d9aa980c
  YogaKit: f782866e155069a2cca2517aafea43200b01fd5a

PODFILE CHECKSUM: 42c7cc1360296a2f50521f999011f8e6de1c359a

COCOAPODS: 1.8.4
