// !$*UTF8*$!
{
	archiveVersion = 1;
	classes = {
	};
	objectVersion = 51;
	objects = {

/* Begin PBXBuildFile section */
		3462FA6423A1314800C44D0A /* WechatMomentViewController.swift in Sources */ = {isa = PBXBuildFile; fileRef = 3462FA6323A1314800C44D0A /* WechatMomentViewController.swift */; };
		3462FA6B23A136D600C44D0A /* WechatMomentViewModel.swift in Sources */ = {isa = PBXBuildFile; fileRef = 3462FA6A23A136D600C44D0A /* WechatMomentViewModel.swift */; };
		3462FA6D23A137A400C44D0A /* WechatMomentModel.swift in Sources */ = {isa = PBXBuildFile; fileRef = 3462FA6C23A137A400C44D0A /* WechatMomentModel.swift */; };
		3462FA6F23A27FBC00C44D0A /* WechatMomentTableViewCell.swift in Sources */ = {isa = PBXBuildFile; fileRef = 3462FA6E23A27FBC00C44D0A /* WechatMomentTableViewCell.swift */; };
		3462FA7223A47AF300C44D0A /* UIColor+extension.swift in Sources */ = {isa = PBXBuildFile; fileRef = 3462FA7123A47AF300C44D0A /* UIColor+extension.swift */; };
		3462FA7523A4AFC800C44D0A /* UIImageView+cache.swift in Sources */ = {isa = PBXBuildFile; fileRef = 3462FA7423A4AFC800C44D0A /* UIImageView+cache.swift */; };
		3462FA7723A4B06800C44D0A /* WSSImageDownloader.swift in Sources */ = {isa = PBXBuildFile; fileRef = 3462FA7623A4B06800C44D0A /* WSSImageDownloader.swift */; };
		3462FA7923A4B75100C44D0A /* String+crypto.swift in Sources */ = {isa = PBXBuildFile; fileRef = 3462FA7823A4B75100C44D0A /* String+crypto.swift */; };
		3462FA7B23A4B8C800C44D0A /* WSSImageCache.swift in Sources */ = {isa = PBXBuildFile; fileRef = 3462FA7A23A4B8C800C44D0A /* WSSImageCache.swift */; };
		349D065023A12E240047A2D8 /* AppDelegate.swift in Sources */ = {isa = PBXBuildFile; fileRef = 349D064F23A12E240047A2D8 /* AppDelegate.swift */; };
		349D065723A12E240047A2D8 /* Assets.xcassets in Resources */ = {isa = PBXBuildFile; fileRef = 349D065623A12E240047A2D8 /* Assets.xcassets */; };
		349D065A23A12E240047A2D8 /* LaunchScreen.storyboard in Resources */ = {isa = PBXBuildFile; fileRef = 349D065823A12E240047A2D8 /* LaunchScreen.storyboard */; };
		349D066523A12E240047A2D8 /* WechatMomentsTests.swift in Sources */ = {isa = PBXBuildFile; fileRef = 349D066423A12E240047A2D8 /* WechatMomentsTests.swift */; };
		349D067023A12E240047A2D8 /* WechatMomentsUITests.swift in Sources */ = {isa = PBXBuildFile; fileRef = 349D066F23A12E240047A2D8 /* WechatMomentsUITests.swift */; };
		6DC5DFBA82AE74976D459BB1 /* Pods_WechatMomentsTests.framework in Frameworks */ = {isa = PBXBuildFile; fileRef = 79C420CA26DDFCFD4DF420B9 /* Pods_WechatMomentsTests.framework */; };
		7AFABCF028ABEE7825BEBCDA /* Pods_WechatMomentsUITests.framework in Frameworks */ = {isa = PBXBuildFile; fileRef = D424D1BD6EBF14F574D5E969 /* Pods_WechatMomentsUITests.framework */; };
		C8F487EE41C2CA8E476ACECF /* Pods_WechatMoments.framework in Frameworks */ = {isa = PBXBuildFile; fileRef = 46006AFC4306FEEE1164DA01 /* Pods_WechatMoments.framework */; };
/* End PBXBuildFile section */

/* Begin PBXContainerItemProxy section */
		349D066123A12E240047A2D8 /* PBXContainerItemProxy */ = {
			isa = PBXContainerItemProxy;
			containerPortal = 349D064423A12E240047A2D8 /* Project object */;
			proxyType = 1;
			remoteGlobalIDString = 349D064B23A12E240047A2D8;
			remoteInfo = WechatMoments;
		};
		349D066C23A12E240047A2D8 /* PBXContainerItemProxy */ = {
			isa = PBXContainerItemProxy;
			containerPortal = 349D064423A12E240047A2D8 /* Project object */;
			proxyType = 1;
			remoteGlobalIDString = 349D064B23A12E240047A2D8;
			remoteInfo = WechatMoments;
		};
/* End PBXContainerItemProxy section */

/* Begin PBXFileReference section */
		09DAE40D51F0B93C43783593 /* Pods-WechatMoments-WechatMomentsUITests.release.xcconfig */ = {isa = PBXFileReference; includeInIndex = 1; lastKnownFileType = text.xcconfig; name = "Pods-WechatMoments-WechatMomentsUITests.release.xcconfig"; path = "Target Support Files/Pods-WechatMoments-WechatMomentsUITests/Pods-WechatMoments-WechatMomentsUITests.release.xcconfig"; sourceTree = "<group>"; };
		2F3FFF3189973864024E5E67 /* Pods-WechatMoments.release.xcconfig */ = {isa = PBXFileReference; includeInIndex = 1; lastKnownFileType = text.xcconfig; name = "Pods-WechatMoments.release.xcconfig"; path = "Target Support Files/Pods-WechatMoments/Pods-WechatMoments.release.xcconfig"; sourceTree = "<group>"; };
		3462FA6323A1314800C44D0A /* WechatMomentViewController.swift */ = {isa = PBXFileReference; lastKnownFileType = sourcecode.swift; path = WechatMomentViewController.swift; sourceTree = "<group>"; };
		3462FA6A23A136D600C44D0A /* WechatMomentViewModel.swift */ = {isa = PBXFileReference; lastKnownFileType = sourcecode.swift; path = WechatMomentViewModel.swift; sourceTree = "<group>"; };
		3462FA6C23A137A400C44D0A /* WechatMomentModel.swift */ = {isa = PBXFileReference; lastKnownFileType = sourcecode.swift; path = WechatMomentModel.swift; sourceTree = "<group>"; };
		3462FA6E23A27FBC00C44D0A /* WechatMomentTableViewCell.swift */ = {isa = PBXFileReference; lastKnownFileType = sourcecode.swift; path = WechatMomentTableViewCell.swift; sourceTree = "<group>"; };
		3462FA7123A47AF300C44D0A /* UIColor+extension.swift */ = {isa = PBXFileReference; lastKnownFileType = sourcecode.swift; path = "UIColor+extension.swift"; sourceTree = "<group>"; };
		3462FA7423A4AFC800C44D0A /* UIImageView+cache.swift */ = {isa = PBXFileReference; lastKnownFileType = sourcecode.swift; path = "UIImageView+cache.swift"; sourceTree = "<group>"; };
		3462FA7623A4B06800C44D0A /* WSSImageDownloader.swift */ = {isa = PBXFileReference; lastKnownFileType = sourcecode.swift; path = WSSImageDownloader.swift; sourceTree = "<group>"; };
		3462FA7823A4B75100C44D0A /* String+crypto.swift */ = {isa = PBXFileReference; lastKnownFileType = sourcecode.swift; path = "String+crypto.swift"; sourceTree = "<group>"; };
		3462FA7A23A4B8C800C44D0A /* WSSImageCache.swift */ = {isa = PBXFileReference; lastKnownFileType = sourcecode.swift; path = WSSImageCache.swift; sourceTree = "<group>"; };
		349D064C23A12E240047A2D8 /* WechatMoments.app */ = {isa = PBXFileReference; explicitFileType = wrapper.application; includeInIndex = 0; path = WechatMoments.app; sourceTree = BUILT_PRODUCTS_DIR; };
		349D064F23A12E240047A2D8 /* AppDelegate.swift */ = {isa = PBXFileReference; lastKnownFileType = sourcecode.swift; path = AppDelegate.swift; sourceTree = "<group>"; };
		349D065623A12E240047A2D8 /* Assets.xcassets */ = {isa = PBXFileReference; lastKnownFileType = folder.assetcatalog; path = Assets.xcassets; sourceTree = "<group>"; };
		349D065923A12E240047A2D8 /* Base */ = {isa = PBXFileReference; lastKnownFileType = file.storyboard; name = Base; path = Base.lproj/LaunchScreen.storyboard; sourceTree = "<group>"; };
		349D065B23A12E240047A2D8 /* Info.plist */ = {isa = PBXFileReference; lastKnownFileType = text.plist.xml; path = Info.plist; sourceTree = "<group>"; };
		349D066023A12E240047A2D8 /* WechatMomentsTests.xctest */ = {isa = PBXFileReference; explicitFileType = wrapper.cfbundle; includeInIndex = 0; path = WechatMomentsTests.xctest; sourceTree = BUILT_PRODUCTS_DIR; };
		349D066423A12E240047A2D8 /* WechatMomentsTests.swift */ = {isa = PBXFileReference; lastKnownFileType = sourcecode.swift; path = WechatMomentsTests.swift; sourceTree = "<group>"; };
		349D066623A12E240047A2D8 /* Info.plist */ = {isa = PBXFileReference; lastKnownFileType = text.plist.xml; path = Info.plist; sourceTree = "<group>"; };
		349D066B23A12E240047A2D8 /* WechatMomentsUITests.xctest */ = {isa = PBXFileReference; explicitFileType = wrapper.cfbundle; includeInIndex = 0; path = WechatMomentsUITests.xctest; sourceTree = BUILT_PRODUCTS_DIR; };
		349D066F23A12E240047A2D8 /* WechatMomentsUITests.swift */ = {isa = PBXFileReference; lastKnownFileType = sourcecode.swift; path = WechatMomentsUITests.swift; sourceTree = "<group>"; };
		349D067123A12E240047A2D8 /* Info.plist */ = {isa = PBXFileReference; lastKnownFileType = text.plist.xml; path = Info.plist; sourceTree = "<group>"; };
		46006AFC4306FEEE1164DA01 /* Pods_WechatMoments.framework */ = {isa = PBXFileReference; explicitFileType = wrapper.framework; includeInIndex = 0; path = Pods_WechatMoments.framework; sourceTree = BUILT_PRODUCTS_DIR; };
		594F6058282EAE9898F5A6A3 /* Pods-WechatMomentsUITests.release.xcconfig */ = {isa = PBXFileReference; includeInIndex = 1; lastKnownFileType = text.xcconfig; name = "Pods-WechatMomentsUITests.release.xcconfig"; path = "Target Support Files/Pods-WechatMomentsUITests/Pods-WechatMomentsUITests.release.xcconfig"; sourceTree = "<group>"; };
		6D5D2FB23B8B88F279891115 /* Pods-WechatMoments.debug.xcconfig */ = {isa = PBXFileReference; includeInIndex = 1; lastKnownFileType = text.xcconfig; name = "Pods-WechatMoments.debug.xcconfig"; path = "Target Support Files/Pods-WechatMoments/Pods-WechatMoments.debug.xcconfig"; sourceTree = "<group>"; };
		79C420CA26DDFCFD4DF420B9 /* Pods_WechatMomentsTests.framework */ = {isa = PBXFileReference; explicitFileType = wrapper.framework; includeInIndex = 0; path = Pods_WechatMomentsTests.framework; sourceTree = BUILT_PRODUCTS_DIR; };
		8F425E39F6AB1B8287705E21 /* Pods-WechatMomentsTests.debug.xcconfig */ = {isa = PBXFileReference; includeInIndex = 1; lastKnownFileType = text.xcconfig; name = "Pods-WechatMomentsTests.debug.xcconfig"; path = "Target Support Files/Pods-WechatMomentsTests/Pods-WechatMomentsTests.debug.xcconfig"; sourceTree = "<group>"; };
		C3AF106E57BD8023FE35D64B /* Pods-WechatMomentsUITests.debug.xcconfig */ = {isa = PBXFileReference; includeInIndex = 1; lastKnownFileType = text.xcconfig; name = "Pods-WechatMomentsUITests.debug.xcconfig"; path = "Target Support Files/Pods-WechatMomentsUITests/Pods-WechatMomentsUITests.debug.xcconfig"; sourceTree = "<group>"; };
		CA73227CDC185B80EDF91A00 /* Pods-WechatMomentsTests.release.xcconfig */ = {isa = PBXFileReference; includeInIndex = 1; lastKnownFileType = text.xcconfig; name = "Pods-WechatMomentsTests.release.xcconfig"; path = "Target Support Files/Pods-WechatMomentsTests/Pods-WechatMomentsTests.release.xcconfig"; sourceTree = "<group>"; };
		D424D1BD6EBF14F574D5E969 /* Pods_WechatMomentsUITests.framework */ = {isa = PBXFileReference; explicitFileType = wrapper.framework; includeInIndex = 0; path = Pods_WechatMomentsUITests.framework; sourceTree = BUILT_PRODUCTS_DIR; };
		F858AB4E9631B3AC5A5597CF /* Pods-WechatMoments-WechatMomentsUITests.debug.xcconfig */ = {isa = PBXFileReference; includeInIndex = 1; lastKnownFileType = text.xcconfig; name = "Pods-WechatMoments-WechatMomentsUITests.debug.xcconfig"; path = "Target Support Files/Pods-WechatMoments-WechatMomentsUITests/Pods-WechatMoments-WechatMomentsUITests.debug.xcconfig"; sourceTree = "<group>"; };
/* End PBXFileReference section */

/* Begin PBXFrameworksBuildPhase section */
		349D064923A12E240047A2D8 /* Frameworks */ = {
			isa = PBXFrameworksBuildPhase;
			buildActionMask = 2147483647;
			files = (
				C8F487EE41C2CA8E476ACECF /* Pods_WechatMoments.framework in Frameworks */,
			);
			runOnlyForDeploymentPostprocessing = 0;
		};
		349D065D23A12E240047A2D8 /* Frameworks */ = {
			isa = PBXFrameworksBuildPhase;
			buildActionMask = 2147483647;
			files = (
				6DC5DFBA82AE74976D459BB1 /* Pods_WechatMomentsTests.framework in Frameworks */,
			);
			runOnlyForDeploymentPostprocessing = 0;
		};
		349D066823A12E240047A2D8 /* Frameworks */ = {
			isa = PBXFrameworksBuildPhase;
			buildActionMask = 2147483647;
			files = (
				7AFABCF028ABEE7825BEBCDA /* Pods_WechatMomentsUITests.framework in Frameworks */,
			);
			runOnlyForDeploymentPostprocessing = 0;
		};
/* End PBXFrameworksBuildPhase section */

/* Begin PBXGroup section */
		3462FA6523A1331400C44D0A /* WechatMoments */ = {
			isa = PBXGroup;
			children = (
				3462FA6923A1335B00C44D0A /* Model */,
				3462FA6823A1334800C44D0A /* View */,
				3462FA6723A1333600C44D0A /* ViewModel */,
				3462FA6623A1331D00C44D0A /* Controller */,
			);
			path = WechatMoments;
			sourceTree = "<group>";
		};
		3462FA6623A1331D00C44D0A /* Controller */ = {
			isa = PBXGroup;
			children = (
				3462FA6323A1314800C44D0A /* WechatMomentViewController.swift */,
			);
			path = Controller;
			sourceTree = "<group>";
		};
		3462FA6723A1333600C44D0A /* ViewModel */ = {
			isa = PBXGroup;
			children = (
				3462FA6A23A136D600C44D0A /* WechatMomentViewModel.swift */,
			);
			path = ViewModel;
			sourceTree = "<group>";
		};
		3462FA6823A1334800C44D0A /* View */ = {
			isa = PBXGroup;
			children = (
				3462FA6E23A27FBC00C44D0A /* WechatMomentTableViewCell.swift */,
			);
			path = View;
			sourceTree = "<group>";
		};
		3462FA6923A1335B00C44D0A /* Model */ = {
			isa = PBXGroup;
			children = (
				3462FA6C23A137A400C44D0A /* WechatMomentModel.swift */,
			);
			path = Model;
			sourceTree = "<group>";
		};
		3462FA7023A47AB200C44D0A /* Kit */ = {
			isa = PBXGroup;
			children = (
				3462FA7323A4AECF00C44D0A /* WebImage */,
				3462FA7123A47AF300C44D0A /* UIColor+extension.swift */,
			);
			path = Kit;
			sourceTree = "<group>";
		};
		3462FA7323A4AECF00C44D0A /* WebImage */ = {
			isa = PBXGroup;
			children = (
				3462FA7423A4AFC800C44D0A /* UIImageView+cache.swift */,
				3462FA7623A4B06800C44D0A /* WSSImageDownloader.swift */,
				3462FA7A23A4B8C800C44D0A /* WSSImageCache.swift */,
				3462FA7823A4B75100C44D0A /* String+crypto.swift */,
			);
			path = WebImage;
			sourceTree = "<group>";
		};
		349D064323A12E240047A2D8 = {
			isa = PBXGroup;
			children = (
				349D064E23A12E240047A2D8 /* WechatMoments */,
				349D066323A12E240047A2D8 /* WechatMomentsTests */,
				349D066E23A12E240047A2D8 /* WechatMomentsUITests */,
				349D064D23A12E240047A2D8 /* Products */,
				677730A7E9A259E51E7B9F82 /* Pods */,
				69F76830C3EB2FCCEE65F076 /* Frameworks */,
			);
			sourceTree = "<group>";
		};
		349D064D23A12E240047A2D8 /* Products */ = {
			isa = PBXGroup;
			children = (
				349D064C23A12E240047A2D8 /* WechatMoments.app */,
				349D066023A12E240047A2D8 /* WechatMomentsTests.xctest */,
				349D066B23A12E240047A2D8 /* WechatMomentsUITests.xctest */,
			);
			name = Products;
			sourceTree = "<group>";
		};
		349D064E23A12E240047A2D8 /* WechatMoments */ = {
			isa = PBXGroup;
			children = (
				349D064F23A12E240047A2D8 /* AppDelegate.swift */,
				3462FA6523A1331400C44D0A /* WechatMoments */,
				3462FA7023A47AB200C44D0A /* Kit */,
				349D065623A12E240047A2D8 /* Assets.xcassets */,
				349D065823A12E240047A2D8 /* LaunchScreen.storyboard */,
				349D065B23A12E240047A2D8 /* Info.plist */,
			);
			path = WechatMoments;
			sourceTree = "<group>";
		};
		349D066323A12E240047A2D8 /* WechatMomentsTests */ = {
			isa = PBXGroup;
			children = (
				349D066423A12E240047A2D8 /* WechatMomentsTests.swift */,
				349D066623A12E240047A2D8 /* Info.plist */,
			);
			path = WechatMomentsTests;
			sourceTree = "<group>";
		};
		349D066E23A12E240047A2D8 /* WechatMomentsUITests */ = {
			isa = PBXGroup;
			children = (
				349D066F23A12E240047A2D8 /* WechatMomentsUITests.swift */,
				349D067123A12E240047A2D8 /* Info.plist */,
			);
			path = WechatMomentsUITests;
			sourceTree = "<group>";
		};
		677730A7E9A259E51E7B9F82 /* Pods */ = {
			isa = PBXGroup;
			children = (
				6D5D2FB23B8B88F279891115 /* Pods-WechatMoments.debug.xcconfig */,
				2F3FFF3189973864024E5E67 /* Pods-WechatMoments.release.xcconfig */,
				F858AB4E9631B3AC5A5597CF /* Pods-WechatMoments-WechatMomentsUITests.debug.xcconfig */,
				09DAE40D51F0B93C43783593 /* Pods-WechatMoments-WechatMomentsUITests.release.xcconfig */,
				8F425E39F6AB1B8287705E21 /* Pods-WechatMomentsTests.debug.xcconfig */,
				CA73227CDC185B80EDF91A00 /* Pods-WechatMomentsTests.release.xcconfig */,
				C3AF106E57BD8023FE35D64B /* Pods-WechatMomentsUITests.debug.xcconfig */,
				594F6058282EAE9898F5A6A3 /* Pods-WechatMomentsUITests.release.xcconfig */,
			);
			path = Pods;
			sourceTree = "<group>";
		};
		69F76830C3EB2FCCEE65F076 /* Frameworks */ = {
			isa = PBXGroup;
			children = (
				46006AFC4306FEEE1164DA01 /* Pods_WechatMoments.framework */,
				79C420CA26DDFCFD4DF420B9 /* Pods_WechatMomentsTests.framework */,
				D424D1BD6EBF14F574D5E969 /* Pods_WechatMomentsUITests.framework */,
			);
			name = Frameworks;
			sourceTree = "<group>";
		};
/* End PBXGroup section */

/* Begin PBXNativeTarget section */
		349D064B23A12E240047A2D8 /* WechatMoments */ = {
			isa = PBXNativeTarget;
			buildConfigurationList = 349D067423A12E240047A2D8 /* Build configuration list for PBXNativeTarget "WechatMoments" */;
			buildPhases = (
				9856DBE1E14390FCF7D45AA8 /* [CP] Check Pods Manifest.lock */,
				349D064823A12E240047A2D8 /* Sources */,
				349D064923A12E240047A2D8 /* Frameworks */,
				349D064A23A12E240047A2D8 /* Resources */,
				0635BB5D341C4E4E7F46F1B4 /* [CP] Embed Pods Frameworks */,
			);
			buildRules = (
			);
			dependencies = (
			);
			name = WechatMoments;
			productName = WechatMoments;
			productReference = 349D064C23A12E240047A2D8 /* WechatMoments.app */;
			productType = "com.apple.product-type.application";
		};
		349D065F23A12E240047A2D8 /* WechatMomentsTests */ = {
			isa = PBXNativeTarget;
			buildConfigurationList = 349D067723A12E240047A2D8 /* Build configuration list for PBXNativeTarget "WechatMomentsTests" */;
			buildPhases = (
				93535D3160AFD01F2BF36B7D /* [CP] Check Pods Manifest.lock */,
				349D065C23A12E240047A2D8 /* Sources */,
				349D065D23A12E240047A2D8 /* Frameworks */,
				349D065E23A12E240047A2D8 /* Resources */,
			);
			buildRules = (
			);
			dependencies = (
				349D066223A12E240047A2D8 /* PBXTargetDependency */,
			);
			name = WechatMomentsTests;
			productName = WechatMomentsTests;
			productReference = 349D066023A12E240047A2D8 /* WechatMomentsTests.xctest */;
			productType = "com.apple.product-type.bundle.unit-test";
		};
		349D066A23A12E240047A2D8 /* WechatMomentsUITests */ = {
			isa = PBXNativeTarget;
			buildConfigurationList = 349D067A23A12E240047A2D8 /* Build configuration list for PBXNativeTarget "WechatMomentsUITests" */;
			buildPhases = (
				E6DC6B8FA170A1269EA0CB5C /* [CP] Check Pods Manifest.lock */,
				349D066723A12E240047A2D8 /* Sources */,
				349D066823A12E240047A2D8 /* Frameworks */,
				349D066923A12E240047A2D8 /* Resources */,
			);
			buildRules = (
			);
			dependencies = (
				349D066D23A12E240047A2D8 /* PBXTargetDependency */,
			);
			name = WechatMomentsUITests;
			productName = WechatMomentsUITests;
			productReference = 349D066B23A12E240047A2D8 /* WechatMomentsUITests.xctest */;
			productType = "com.apple.product-type.bundle.ui-testing";
		};
/* End PBXNativeTarget section */

/* Begin PBXProject section */
		349D064423A12E240047A2D8 /* Project object */ = {
			isa = PBXProject;
			attributes = {
				LastSwiftUpdateCheck = 1030;
				LastUpgradeCheck = 1030;
				ORGANIZATIONNAME = Matthew;
				TargetAttributes = {
					349D064B23A12E240047A2D8 = {
						CreatedOnToolsVersion = 10.3;
					};
					349D065F23A12E240047A2D8 = {
						CreatedOnToolsVersion = 10.3;
						TestTargetID = 349D064B23A12E240047A2D8;
					};
					349D066A23A12E240047A2D8 = {
						CreatedOnToolsVersion = 10.3;
						TestTargetID = 349D064B23A12E240047A2D8;
					};
				};
			};
			buildConfigurationList = 349D064723A12E240047A2D8 /* Build configuration list for PBXProject "WechatMoments" */;
			compatibilityVersion = "Xcode 9.3";
			developmentRegion = en;
			hasScannedForEncodings = 0;
			knownRegions = (
				en,
				Base,
			);
			mainGroup = 349D064323A12E240047A2D8;
			productRefGroup = 349D064D23A12E240047A2D8 /* Products */;
			projectDirPath = "";
			projectRoot = "";
			targets = (
				349D064B23A12E240047A2D8 /* WechatMoments */,
				349D065F23A12E240047A2D8 /* WechatMomentsTests */,
				349D066A23A12E240047A2D8 /* WechatMomentsUITests */,
			);
		};
/* End PBXProject section */

/* Begin PBXResourcesBuildPhase section */
		349D064A23A12E240047A2D8 /* Resources */ = {
			isa = PBXResourcesBuildPhase;
			buildActionMask = 2147483647;
			files = (
				349D065A23A12E240047A2D8 /* LaunchScreen.storyboard in Resources */,
				349D065723A12E240047A2D8 /* Assets.xcassets in Resources */,
			);
			runOnlyForDeploymentPostprocessing = 0;
		};
		349D065E23A12E240047A2D8 /* Resources */ = {
			isa = PBXResourcesBuildPhase;
			buildActionMask = 2147483647;
			files = (
			);
			runOnlyForDeploymentPostprocessing = 0;
		};
		349D066923A12E240047A2D8 /* Resources */ = {
			isa = PBXResourcesBuildPhase;
			buildActionMask = 2147483647;
			files = (
			);
			runOnlyForDeploymentPostprocessing = 0;
		};
/* End PBXResourcesBuildPhase section */

/* Begin PBXShellScriptBuildPhase section */
		0635BB5D341C4E4E7F46F1B4 /* [CP] Embed Pods Frameworks */ = {
			isa = PBXShellScriptBuildPhase;
			buildActionMask = 2147483647;
			files = (
			);
			inputFileListPaths = (
				"${PODS_ROOT}/Target Support Files/Pods-WechatMoments/Pods-WechatMoments-frameworks-${CONFIGURATION}-input-files.xcfilelist",
			);
			name = "[CP] Embed Pods Frameworks";
			outputFileListPaths = (
				"${PODS_ROOT}/Target Support Files/Pods-WechatMoments/Pods-WechatMoments-frameworks-${CONFIGURATION}-output-files.xcfilelist",
			);
			runOnlyForDeploymentPostprocessing = 0;
			shellPath = /bin/sh;
			shellScript = "\"${PODS_ROOT}/Target Support Files/Pods-WechatMoments/Pods-WechatMoments-frameworks.sh\"\n";
			showEnvVarsInLog = 0;
		};
		93535D3160AFD01F2BF36B7D /* [CP] Check Pods Manifest.lock */ = {
			isa = PBXShellScriptBuildPhase;
			buildActionMask = 2147483647;
			files = (
			);
			inputFileListPaths = (
			);
			inputPaths = (
				"${PODS_PODFILE_DIR_PATH}/Podfile.lock",
				"${PODS_ROOT}/Manifest.lock",
			);
			name = "[CP] Check Pods Manifest.lock";
			outputFileListPaths = (
			);
			outputPaths = (
				"$(DERIVED_FILE_DIR)/Pods-WechatMomentsTests-checkManifestLockResult.txt",
			);
			runOnlyForDeploymentPostprocessing = 0;
			shellPath = /bin/sh;
			shellScript = "diff \"${PODS_PODFILE_DIR_PATH}/Podfile.lock\" \"${PODS_ROOT}/Manifest.lock\" > /dev/null\nif [ $? != 0 ] ; then\n    # print error to STDERR\n    echo \"error: The sandbox is not in sync with the Podfile.lock. Run 'pod install' or update your CocoaPods installation.\" >&2\n    exit 1\nfi\n# This output is used by Xcode 'outputs' to avoid re-running this script phase.\necho \"SUCCESS\" > \"${SCRIPT_OUTPUT_FILE_0}\"\n";
			showEnvVarsInLog = 0;
		};
		9856DBE1E14390FCF7D45AA8 /* [CP] Check Pods Manifest.lock */ = {
			isa = PBXShellScriptBuildPhase;
			buildActionMask = 2147483647;
			files = (
			);
			inputFileListPaths = (
			);
			inputPaths = (
				"${PODS_PODFILE_DIR_PATH}/Podfile.lock",
				"${PODS_ROOT}/Manifest.lock",
			);
			name = "[CP] Check Pods Manifest.lock";
			outputFileListPaths = (
			);
			outputPaths = (
				"$(DERIVED_FILE_DIR)/Pods-WechatMoments-checkManifestLockResult.txt",
			);
			runOnlyForDeploymentPostprocessing = 0;
			shellPath = /bin/sh;
			shellScript = "diff \"${PODS_PODFILE_DIR_PATH}/Podfile.lock\" \"${PODS_ROOT}/Manifest.lock\" > /dev/null\nif [ $? != 0 ] ; then\n    # print error to STDERR\n    echo \"error: The sandbox is not in sync with the Podfile.lock. Run 'pod install' or update your CocoaPods installation.\" >&2\n    exit 1\nfi\n# This output is used by Xcode 'outputs' to avoid re-running this script phase.\necho \"SUCCESS\" > \"${SCRIPT_OUTPUT_FILE_0}\"\n";
			showEnvVarsInLog = 0;
		};
		E6DC6B8FA170A1269EA0CB5C /* [CP] Check Pods Manifest.lock */ = {
			isa = PBXShellScriptBuildPhase;
			buildActionMask = 2147483647;
			files = (
			);
			inputFileListPaths = (
			);
			inputPaths = (
				"${PODS_PODFILE_DIR_PATH}/Podfile.lock",
				"${PODS_ROOT}/Manifest.lock",
			);
			name = "[CP] Check Pods Manifest.lock";
			outputFileListPaths = (
			);
			outputPaths = (
				"$(DERIVED_FILE_DIR)/Pods-WechatMomentsUITests-checkManifestLockResult.txt",
			);
			runOnlyForDeploymentPostprocessing = 0;
			shellPath = /bin/sh;
			shellScript = "diff \"${PODS_PODFILE_DIR_PATH}/Podfile.lock\" \"${PODS_ROOT}/Manifest.lock\" > /dev/null\nif [ $? != 0 ] ; then\n    # print error to STDERR\n    echo \"error: The sandbox is not in sync with the Podfile.lock. Run 'pod install' or update your CocoaPods installation.\" >&2\n    exit 1\nfi\n# This output is used by Xcode 'outputs' to avoid re-running this script phase.\necho \"SUCCESS\" > \"${SCRIPT_OUTPUT_FILE_0}\"\n";
			showEnvVarsInLog = 0;
		};
/* End PBXShellScriptBuildPhase section */

/* Begin PBXSourcesBuildPhase section */
		349D064823A12E240047A2D8 /* Sources */ = {
			isa = PBXSourcesBuildPhase;
			buildActionMask = 2147483647;
			files = (
				3462FA6B23A136D600C44D0A /* WechatMomentViewModel.swift in Sources */,
				3462FA6423A1314800C44D0A /* WechatMomentViewController.swift in Sources */,
				3462FA7923A4B75100C44D0A /* String+crypto.swift in Sources */,
				3462FA7723A4B06800C44D0A /* WSSImageDownloader.swift in Sources */,
				3462FA7523A4AFC800C44D0A /* UIImageView+cache.swift in Sources */,
				349D065023A12E240047A2D8 /* AppDelegate.swift in Sources */,
				3462FA7B23A4B8C800C44D0A /* WSSImageCache.swift in Sources */,
				3462FA7223A47AF300C44D0A /* UIColor+extension.swift in Sources */,
				3462FA6F23A27FBC00C44D0A /* WechatMomentTableViewCell.swift in Sources */,
				3462FA6D23A137A400C44D0A /* WechatMomentModel.swift in Sources */,
			);
			runOnlyForDeploymentPostprocessing = 0;
		};
		349D065C23A12E240047A2D8 /* Sources */ = {
			isa = PBXSourcesBuildPhase;
			buildActionMask = 2147483647;
			files = (
				349D066523A12E240047A2D8 /* WechatMomentsTests.swift in Sources */,
			);
			runOnlyForDeploymentPostprocessing = 0;
		};
		349D066723A12E240047A2D8 /* Sources */ = {
			isa = PBXSourcesBuildPhase;
			buildActionMask = 2147483647;
			files = (
				349D067023A12E240047A2D8 /* WechatMomentsUITests.swift in Sources */,
			);
			runOnlyForDeploymentPostprocessing = 0;
		};
/* End PBXSourcesBuildPhase section */

/* Begin PBXTargetDependency section */
		349D066223A12E240047A2D8 /* PBXTargetDependency */ = {
			isa = PBXTargetDependency;
			target = 349D064B23A12E240047A2D8 /* WechatMoments */;
			targetProxy = 349D066123A12E240047A2D8 /* PBXContainerItemProxy */;
		};
		349D066D23A12E240047A2D8 /* PBXTargetDependency */ = {
			isa = PBXTargetDependency;
			target = 349D064B23A12E240047A2D8 /* WechatMoments */;
			targetProxy = 349D066C23A12E240047A2D8 /* PBXContainerItemProxy */;
		};
/* End PBXTargetDependency section */

/* Begin PBXVariantGroup section */
		349D065823A12E240047A2D8 /* LaunchScreen.storyboard */ = {
			isa = PBXVariantGroup;
			children = (
				349D065923A12E240047A2D8 /* Base */,
			);
			name = LaunchScreen.storyboard;
			sourceTree = "<group>";
		};
/* End PBXVariantGroup section */

/* Begin XCBuildConfiguration section */
		349D067223A12E240047A2D8 /* Debug */ = {
			isa = XCBuildConfiguration;
			buildSettings = {
				ALWAYS_SEARCH_USER_PATHS = NO;
				CLANG_ANALYZER_NONNULL = YES;
				CLANG_ANALYZER_NUMBER_OBJECT_CONVERSION = YES_AGGRESSIVE;
				CLANG_CXX_LANGUAGE_STANDARD = "gnu++14";
				CLANG_CXX_LIBRARY = "libc++";
				CLANG_ENABLE_MODULES = YES;
				CLANG_ENABLE_OBJC_ARC = YES;
				CLANG_ENABLE_OBJC_WEAK = YES;
				CLANG_WARN_BLOCK_CAPTURE_AUTORELEASING = YES;
				CLANG_WARN_BOOL_CONVERSION = YES;
				CLANG_WARN_COMMA = YES;
				CLANG_WARN_CONSTANT_CONVERSION = YES;
				CLANG_WARN_DEPRECATED_OBJC_IMPLEMENTATIONS = YES;
				CLANG_WARN_DIRECT_OBJC_ISA_USAGE = YES_ERROR;
				CLANG_WARN_DOCUMENTATION_COMMENTS = YES;
				CLANG_WARN_EMPTY_BODY = YES;
				CLANG_WARN_ENUM_CONVERSION = YES;
				CLANG_WARN_INFINITE_RECURSION = YES;
				CLANG_WARN_INT_CONVERSION = YES;
				CLANG_WARN_NON_LITERAL_NULL_CONVERSION = YES;
				CLANG_WARN_OBJC_IMPLICIT_RETAIN_SELF = YES;
				CLANG_WARN_OBJC_LITERAL_CONVERSION = YES;
				CLANG_WARN_OBJC_ROOT_CLASS = YES_ERROR;
				CLANG_WARN_RANGE_LOOP_ANALYSIS = YES;
				CLANG_WARN_STRICT_PROTOTYPES = YES;
				CLANG_WARN_SUSPICIOUS_MOVE = YES;
				CLANG_WARN_UNGUARDED_AVAILABILITY = YES_AGGRESSIVE;
				CLANG_WARN_UNREACHABLE_CODE = YES;
				CLANG_WARN__DUPLICATE_METHOD_MATCH = YES;
				CODE_SIGN_IDENTITY = "iPhone Developer";
				COPY_PHASE_STRIP = NO;
				DEBUG_INFORMATION_FORMAT = dwarf;
				ENABLE_STRICT_OBJC_MSGSEND = YES;
				ENABLE_TESTABILITY = YES;
				GCC_C_LANGUAGE_STANDARD = gnu11;
				GCC_DYNAMIC_NO_PIC = NO;
				GCC_NO_COMMON_BLOCKS = YES;
				GCC_OPTIMIZATION_LEVEL = 0;
				GCC_PREPROCESSOR_DEFINITIONS = (
					"DEBUG=1",
					"$(inherited)",
				);
				GCC_WARN_64_TO_32_BIT_CONVERSION = YES;
				GCC_WARN_ABOUT_RETURN_TYPE = YES_ERROR;
				GCC_WARN_UNDECLARED_SELECTOR = YES;
				GCC_WARN_UNINITIALIZED_AUTOS = YES_AGGRESSIVE;
				GCC_WARN_UNUSED_FUNCTION = YES;
				GCC_WARN_UNUSED_VARIABLE = YES;
				IPHONEOS_DEPLOYMENT_TARGET = 12.4;
				MTL_ENABLE_DEBUG_INFO = INCLUDE_SOURCE;
				MTL_FAST_MATH = YES;
				ONLY_ACTIVE_ARCH = YES;
				SDKROOT = iphoneos;
				SWIFT_ACTIVE_COMPILATION_CONDITIONS = DEBUG;
				SWIFT_OPTIMIZATION_LEVEL = "-Onone";
			};
			name = Debug;
		};
		349D067323A12E240047A2D8 /* Release */ = {
			isa = XCBuildConfiguration;
			buildSettings = {
				ALWAYS_SEARCH_USER_PATHS = NO;
				CLANG_ANALYZER_NONNULL = YES;
				CLANG_ANALYZER_NUMBER_OBJECT_CONVERSION = YES_AGGRESSIVE;
				CLANG_CXX_LANGUAGE_STANDARD = "gnu++14";
				CLANG_CXX_LIBRARY = "libc++";
				CLANG_ENABLE_MODULES = YES;
				CLANG_ENABLE_OBJC_ARC = YES;
				CLANG_ENABLE_OBJC_WEAK = YES;
				CLANG_WARN_BLOCK_CAPTURE_AUTORELEASING = YES;
				CLANG_WARN_BOOL_CONVERSION = YES;
				CLANG_WARN_COMMA = YES;
				CLANG_WARN_CONSTANT_CONVERSION = YES;
				CLANG_WARN_DEPRECATED_OBJC_IMPLEMENTATIONS = YES;
				CLANG_WARN_DIRECT_OBJC_ISA_USAGE = YES_ERROR;
				CLANG_WARN_DOCUMENTATION_COMMENTS = YES;
				CLANG_WARN_EMPTY_BODY = YES;
				CLANG_WARN_ENUM_CONVERSION = YES;
				CLANG_WARN_INFINITE_RECURSION = YES;
				CLANG_WARN_INT_CONVERSION = YES;
				CLANG_WARN_NON_LITERAL_NULL_CONVERSION = YES;
				CLANG_WARN_OBJC_IMPLICIT_RETAIN_SELF = YES;
				CLANG_WARN_OBJC_LITERAL_CONVERSION = YES;
				CLANG_WARN_OBJC_ROOT_CLASS = YES_ERROR;
				CLANG_WARN_RANGE_LOOP_ANALYSIS = YES;
				CLANG_WARN_STRICT_PROTOTYPES = YES;
				CLANG_WARN_SUSPICIOUS_MOVE = YES;
				CLANG_WARN_UNGUARDED_AVAILABILITY = YES_AGGRESSIVE;
				CLANG_WARN_UNREACHABLE_CODE = YES;
				CLANG_WARN__DUPLICATE_METHOD_MATCH = YES;
				CODE_SIGN_IDENTITY = "iPhone Developer";
				COPY_PHASE_STRIP = NO;
				DEBUG_INFORMATION_FORMAT = "dwarf-with-dsym";
				ENABLE_NS_ASSERTIONS = NO;
				ENABLE_STRICT_OBJC_MSGSEND = YES;
				GCC_C_LANGUAGE_STANDARD = gnu11;
				GCC_NO_COMMON_BLOCKS = YES;
				GCC_WARN_64_TO_32_BIT_CONVERSION = YES;
				GCC_WARN_ABOUT_RETURN_TYPE = YES_ERROR;
				GCC_WARN_UNDECLARED_SELECTOR = YES;
				GCC_WARN_UNINITIALIZED_AUTOS = YES_AGGRESSIVE;
				GCC_WARN_UNUSED_FUNCTION = YES;
				GCC_WARN_UNUSED_VARIABLE = YES;
				IPHONEOS_DEPLOYMENT_TARGET = 12.4;
				MTL_ENABLE_DEBUG_INFO = NO;
				MTL_FAST_MATH = YES;
				SDKROOT = iphoneos;
				SWIFT_COMPILATION_MODE = wholemodule;
				SWIFT_OPTIMIZATION_LEVEL = "-O";
				VALIDATE_PRODUCT = YES;
			};
			name = Release;
		};
		349D067523A12E240047A2D8 /* Debug */ = {
			isa = XCBuildConfiguration;
			baseConfigurationReference = 6D5D2FB23B8B88F279891115 /* Pods-WechatMoments.debug.xcconfig */;
			buildSettings = {
				ASSETCATALOG_COMPILER_APPICON_NAME = AppIcon;
				CODE_SIGN_STYLE = Automatic;
				DEVELOPMENT_TEAM = 3S3437LP8D;
				INFOPLIST_FILE = WechatMoments/Info.plist;
				LD_RUNPATH_SEARCH_PATHS = (
					"$(inherited)",
					"@executable_path/Frameworks",
				);
				PRODUCT_BUNDLE_IDENTIFIER = com.matthew.WechatMoments;
				PRODUCT_NAME = "$(TARGET_NAME)";
				SWIFT_VERSION = 5.0;
				TARGETED_DEVICE_FAMILY = "1,2";
			};
			name = Debug;
		};
		349D067623A12E240047A2D8 /* Release */ = {
			isa = XCBuildConfiguration;
			baseConfigurationReference = 2F3FFF3189973864024E5E67 /* Pods-WechatMoments.release.xcconfig */;
			buildSettings = {
				ASSETCATALOG_COMPILER_APPICON_NAME = AppIcon;
				CODE_SIGN_STYLE = Automatic;
				DEVELOPMENT_TEAM = 3S3437LP8D;
				INFOPLIST_FILE = WechatMoments/Info.plist;
				LD_RUNPATH_SEARCH_PATHS = (
					"$(inherited)",
					"@executable_path/Frameworks",
				);
				PRODUCT_BUNDLE_IDENTIFIER = com.matthew.WechatMoments;
				PRODUCT_NAME = "$(TARGET_NAME)";
				SWIFT_VERSION = 5.0;
				TARGETED_DEVICE_FAMILY = "1,2";
			};
			name = Release;
		};
		349D067823A12E240047A2D8 /* Debug */ = {
			isa = XCBuildConfiguration;
			baseConfigurationReference = 8F425E39F6AB1B8287705E21 /* Pods-WechatMomentsTests.debug.xcconfig */;
			buildSettings = {
				ALWAYS_EMBED_SWIFT_STANDARD_LIBRARIES = YES;
				BUNDLE_LOADER = "$(TEST_HOST)";
				CODE_SIGN_STYLE = Automatic;
				DEVELOPMENT_TEAM = 3S3437LP8D;
				FRAMEWORK_SEARCH_PATHS = (
					"$(inherited)",
					"\"${PODS_CONFIGURATION_BUILD_DIR}/RxCocoa\"",
					"\"${PODS_CONFIGURATION_BUILD_DIR}/RxRelay\"",
					"\"${PODS_CONFIGURATION_BUILD_DIR}/RxSwift\"",
					"\"${PODS_CONFIGURATION_BUILD_DIR}/Yoga\"",
					"\"${PODS_CONFIGURATION_BUILD_DIR}/YogaKit\"",
				);
				INFOPLIST_FILE = WechatMomentsTests/Info.plist;
				LD_RUNPATH_SEARCH_PATHS = (
					"$(inherited)",
					"@executable_path/Frameworks",
					"@loader_path/Frameworks",
				);
				PRODUCT_BUNDLE_IDENTIFIER = com.matthew.WechatMomentsTests;
				PRODUCT_NAME = "$(TARGET_NAME)";
				SWIFT_VERSION = 5.0;
				TARGETED_DEVICE_FAMILY = "1,2";
				TEST_HOST = "$(BUILT_PRODUCTS_DIR)/WechatMoments.app/WechatMoments";
			};
			name = Debug;
		};
		349D067923A12E240047A2D8 /* Release */ = {
			isa = XCBuildConfiguration;
			baseConfigurationReference = CA73227CDC185B80EDF91A00 /* Pods-WechatMomentsTests.release.xcconfig */;
			buildSettings = {
				ALWAYS_EMBED_SWIFT_STANDARD_LIBRARIES = YES;
				BUNDLE_LOADER = "$(TEST_HOST)";
				CODE_SIGN_STYLE = Automatic;
				DEVELOPMENT_TEAM = 3S3437LP8D;
				FRAMEWORK_SEARCH_PATHS = (
					"$(inherited)",
					"\"${PODS_CONFIGURATION_BUILD_DIR}/RxCocoa\"",
					"\"${PODS_CONFIGURATION_BUILD_DIR}/RxRelay\"",
					"\"${PODS_CONFIGURATION_BUILD_DIR}/RxSwift\"",
					"\"${PODS_CONFIGURATION_BUILD_DIR}/Yoga\"",
					"\"${PODS_CONFIGURATION_BUILD_DIR}/YogaKit\"",
				);
				INFOPLIST_FILE = WechatMomentsTests/Info.plist;
				LD_RUNPATH_SEARCH_PATHS = (
					"$(inherited)",
					"@executable_path/Frameworks",
					"@loader_path/Frameworks",
				);
				PRODUCT_BUNDLE_IDENTIFIER = com.matthew.WechatMomentsTests;
				PRODUCT_NAME = "$(TARGET_NAME)";
				SWIFT_VERSION = 5.0;
				TARGETED_DEVICE_FAMILY = "1,2";
				TEST_HOST = "$(BUILT_PRODUCTS_DIR)/WechatMoments.app/WechatMoments";
			};
			name = Release;
		};
		349D067B23A12E240047A2D8 /* Debug */ = {
			isa = XCBuildConfiguration;
			baseConfigurationReference = C3AF106E57BD8023FE35D64B /* Pods-WechatMomentsUITests.debug.xcconfig */;
			buildSettings = {
				ALWAYS_EMBED_SWIFT_STANDARD_LIBRARIES = YES;
				CODE_SIGN_STYLE = Automatic;
				DEVELOPMENT_TEAM = 3S3437LP8D;
				FRAMEWORK_SEARCH_PATHS = (
					"$(inherited)",
					"\"${PODS_CONFIGURATION_BUILD_DIR}/RxCocoa\"",
					"\"${PODS_CONFIGURATION_BUILD_DIR}/RxRelay\"",
					"\"${PODS_CONFIGURATION_BUILD_DIR}/RxSwift\"",
					"\"${PODS_CONFIGURATION_BUILD_DIR}/Yoga\"",
					"\"${PODS_CONFIGURATION_BUILD_DIR}/YogaKit\"",
				);
				INFOPLIST_FILE = WechatMomentsUITests/Info.plist;
				LD_RUNPATH_SEARCH_PATHS = (
					"$(inherited)",
					"@executable_path/Frameworks",
					"@loader_path/Frameworks",
				);
				PRODUCT_BUNDLE_IDENTIFIER = com.matthew.WechatMomentsUITests;
				PRODUCT_NAME = "$(TARGET_NAME)";
				SWIFT_VERSION = 5.0;
				TARGETED_DEVICE_FAMILY = "1,2";
				TEST_TARGET_NAME = WechatMoments;
			};
			name = Debug;
		};
		349D067C23A12E240047A2D8 /* Release */ = {
			isa = XCBuildConfiguration;
			baseConfigurationReference = 594F6058282EAE9898F5A6A3 /* Pods-WechatMomentsUITests.release.xcconfig */;
			buildSettings = {
				ALWAYS_EMBED_SWIFT_STANDARD_LIBRARIES = YES;
				CODE_SIGN_STYLE = Automatic;
				DEVELOPMENT_TEAM = 3S3437LP8D;
				FRAMEWORK_SEARCH_PATHS = (
					"$(inherited)",
					"\"${PODS_CONFIGURATION_BUILD_DIR}/RxCocoa\"",
					"\"${PODS_CONFIGURATION_BUILD_DIR}/RxRelay\"",
					"\"${PODS_CONFIGURATION_BUILD_DIR}/RxSwift\"",
					"\"${PODS_CONFIGURATION_BUILD_DIR}/Yoga\"",
					"\"${PODS_CONFIGURATION_BUILD_DIR}/YogaKit\"",
				);
				INFOPLIST_FILE = WechatMomentsUITests/Info.plist;
				LD_RUNPATH_SEARCH_PATHS = (
					"$(inherited)",
					"@executable_path/Frameworks",
					"@loader_path/Frameworks",
				);
				PRODUCT_BUNDLE_IDENTIFIER = com.matthew.WechatMomentsUITests;
				PRODUCT_NAME = "$(TARGET_NAME)";
				SWIFT_VERSION = 5.0;
				TARGETED_DEVICE_FAMILY = "1,2";
				TEST_TARGET_NAME = WechatMoments;
			};
			name = Release;
		};
/* End XCBuildConfiguration section */

/* Begin XCConfigurationList section */
		349D064723A12E240047A2D8 /* Build configuration list for PBXProject "WechatMoments" */ = {
			isa = XCConfigurationList;
			buildConfigurations = (
				349D067223A12E240047A2D8 /* Debug */,
				349D067323A12E240047A2D8 /* Release */,
			);
			defaultConfigurationIsVisible = 0;
			defaultConfigurationName = Release;
		};
		349D067423A12E240047A2D8 /* Build configuration list for PBXNativeTarget "WechatMoments" */ = {
			isa = XCConfigurationList;
			buildConfigurations = (
				349D067523A12E240047A2D8 /* Debug */,
				349D067623A12E240047A2D8 /* Release */,
			);
			defaultConfigurationIsVisible = 0;
			defaultConfigurationName = Release;
		};
		349D067723A12E240047A2D8 /* Build configuration list for PBXNativeTarget "WechatMomentsTests" */ = {
			isa = XCConfigurationList;
			buildConfigurations = (
				349D067823A12E240047A2D8 /* Debug */,
				349D067923A12E240047A2D8 /* Release */,
			);
			defaultConfigurationIsVisible = 0;
			defaultConfigurationName = Release;
		};
		349D067A23A12E240047A2D8 /* Build configuration list for PBXNativeTarget "WechatMomentsUITests" */ = {
			isa = XCConfigurationList;
			buildConfigurations = (
				349D067B23A12E240047A2D8 /* Debug */,
				349D067C23A12E240047A2D8 /* Release */,
			);
			defaultConfigurationIsVisible = 0;
			defaultConfigurationName = Release;
		};
/* End XCConfigurationList section */
	};
	rootObject = 349D064423A12E240047A2D8 /* Project object */;
}
